github.com/kramar/go-lessons/week_1/leap v0.0.0-20221019105926-d9460b2744e2 h1:TdUwgFwBbS7zlpKn8Y95uxZ6HiefFeueDZpITtS4yjw=
github.com/kramar/go-lessons/week_1/leap v0.0.0-20221019105926-d9460b2744e2/go.mod h1:5OxhUJGBrx/Ft/Yad6idkxmWeP/cIC8q+aSSw4IANH4=
github.com/kramar/go-lessons/week_1/pangram v0.0.0-20221019105926-d9460b2744e2 h1:MkmlyfluO1/uY1awEZ3i9LpsJqKuymxSSI3eq2fAXOg=
github.com/kramar/go-lessons/week_1/pangram v0.0.0-20221019105926-d9460b2744e2/go.mod h1:EjeV5SDEUWwmkPa7NEshQYDFpWjKPxWC2lj8LxeVXfE=
github.com/kramar/go-lessons/week_1/twelve-days v0.0.0-20221019103412-27439165a443 h1:fs3KFLIBlfshSHd2vMj5R8iHeLfVR1mNStDKviCfUqo=
github.com/kramar/go-lessons/week_1/twelve-days v0.0.0-20221019103412-27439165a443/go.mod h1:8O4SsuelU23JFtDRdcUIVgOkPbTiAHftXbpRrfrkIWY=
